
Microsoft Visual Studio Solution File, Format Version 12.00
# Visual Studio 14
VisualStudioVersion = 14.0.25420.1
MinimumVisualStudioVersion = 10.0.40219.1
Project("{FAE04EC0-301F-11D3-BF4B-00C04F79EFBC}") = "IPhoneReserve", "IPhoneReserve\IPhoneReserve.csproj", "{C9095962-8826-4589-9681-698B806BC49A}"
EndProject
Project("{FAE04EC0-301F-11D3-BF4B-00C04F79EFBC}") = "IR.Common", "IR.Common\IR.Common.csproj", "{EF97C5E6-B90C-464F-96B4-B37F66FF4419}"
EndProject
Global
	GlobalSection(SolutionConfigurationPlatforms) = preSolution
		Debug|Any CPU = Debug|Any CPU
		Release|Any CPU = Release|Any CPU
	EndGlobalSection
	GlobalSection(ProjectConfigurationPlatforms) = postSolution
		{C9095962-8826-4589-9681-698B806BC49A}.Debug|Any CPU.ActiveCfg = Debug|Any CPU
		{C9095962-8826-4589-9681-698B806BC49A}.Debug|Any CPU.Build.0 = Debug|Any CPU
		{C9095962-8826-4589-9681-698B806BC49A}.Release|Any CPU.ActiveCfg = Release|Any CPU
		{C9095962-8826-4589-9681-698B806BC49A}.Release|Any CPU.Build.0 = Release|Any CPU
		{EF97C5E6-B90C-464F-96B4-B37F66FF4419}.Debug|Any CPU.ActiveCfg = Debug|Any CPU
		{EF97C5E6-B90C-464F-96B4-B37F66FF4419}.Debug|Any CPU.Build.0 = Debug|Any CPU
		{EF97C5E6-B90C-464F-96B4-B37F66FF4419}.Release|Any CPU.ActiveCfg = Release|Any CPU
		{EF97C5E6-B90C-464F-96B4-B37F66FF4419}.Release|Any CPU.Build.0 = Release|Any CPU
	EndGlobalSection
	GlobalSection(SolutionProperties) = preSolution
		HideSolutionNode = FALSE
	EndGlobalSection
EndGlobal
